
Microsoft Visual Studio Solution File, Format Version 12.00
# Visual Studio Version 17
VisualStudioVersion = 17.13.35919.96 d17.13
MinimumVisualStudioVersion = 10.0.40219.1
Project("{FAE04EC0-301F-11D3-BF4B-00C04F79EFBC}") = "LIbrary", "LIbrary\LIbrary.csproj", "{FDA3AEFE-F5E7-46D3-B000-4BECC6009373}"
EndProject
Global
	GlobalSection(SolutionConfigurationPlatforms) = preSolution
		Debug|Any CPU = Debug|Any CPU
		Release|Any CPU = Release|Any CPU
	EndGlobalSection
	GlobalSection(ProjectConfigurationPlatforms) = postSolution
		{FDA3AEFE-F5E7-46D3-B000-4BECC6009373}.Debug|Any CPU.ActiveCfg = Debug|Any CPU
		{FDA3AEFE-F5E7-46D3-B000-4BECC6009373}.Debug|Any CPU.Build.0 = Debug|Any CPU
		{FDA3AEFE-F5E7-46D3-B000-4BECC6009373}.Release|Any CPU.ActiveCfg = Release|Any CPU
		{FDA3AEFE-F5E7-46D3-B000-4BECC6009373}.Release|Any CPU.Build.0 = Release|Any CPU
	EndGlobalSection
	GlobalSection(SolutionProperties) = preSolution
		HideSolutionNode = FALSE
	EndGlobalSection
	GlobalSection(ExtensibilityGlobals) = postSolution
		SolutionGuid = {DCACCB70-8768-4EC1-B9FF-96E1C0F852C8}
	EndGlobalSection
EndGlobal
